
Microsoft Visual Studio Solution File, Format Version 12.00
# Visual Studio Version 16
VisualStudioVersion = 16.0.31129.286
MinimumVisualStudioVersion = 10.0.40219.1
Project("{9A19103F-16F7-4668-BE54-9A1E7A4F7556}") = "Softplan.Challenge.Application", "Softplan.Challenge.Application\Softplan.Challenge.Application.csproj", "{463162C9-3F35-481C-9DA5-ACE5A8461D1B}"
EndProject
Project("{9A19103F-16F7-4668-BE54-9A1E7A4F7556}") = "Softplan.Challenge.InterestRate.Api", "Softplan.Challenge.InterestRate.Api\Softplan.Challenge.InterestRate.Api.csproj", "{899BC254-546A-4720-8B20-FB255A5AC16F}"
EndProject
Project("{9A19103F-16F7-4668-BE54-9A1E7A4F7556}") = "Softplan.Challenge.Application.Tests", "Softplan.Challenge.Application.Tests\Softplan.Challenge.Application.Tests.csproj", "{5B73BF84-39AC-47A3-AFDC-2F04019E6EB7}"
EndProject
Project("{9A19103F-16F7-4668-BE54-9A1E7A4F7556}") = "Softplan.Challenge.Domain", "Softplan.Challenge.Domain\Softplan.Challenge.Domain.csproj", "{714D2B1E-2E68-4FC3-989F-194B2F21B15F}"
EndProject
Project("{9A19103F-16F7-4668-BE54-9A1E7A4F7556}") = "Softplan.Challenge.InterestCalculation.Api", "Softplan.Challenge.Api2\Softplan.Challenge.InterestCalculation.Api.csproj", "{ED193F83-C926-427B-A395-45BA7483CB5D}"
EndProject
Global
	GlobalSection(SolutionConfigurationPlatforms) = preSolution
		Debug|Any CPU = Debug|Any CPU
		Release|Any CPU = Release|Any CPU
	EndGlobalSection
	GlobalSection(ProjectConfigurationPlatforms) = postSolution
		{463162C9-3F35-481C-9DA5-ACE5A8461D1B}.Debug|Any CPU.ActiveCfg = Debug|Any CPU
		{463162C9-3F35-481C-9DA5-ACE5A8461D1B}.Debug|Any CPU.Build.0 = Debug|Any CPU
		{463162C9-3F35-481C-9DA5-ACE5A8461D1B}.Release|Any CPU.ActiveCfg = Release|Any CPU
		{463162C9-3F35-481C-9DA5-ACE5A8461D1B}.Release|Any CPU.Build.0 = Release|Any CPU
		{899BC254-546A-4720-8B20-FB255A5AC16F}.Debug|Any CPU.ActiveCfg = Debug|Any CPU
		{899BC254-546A-4720-8B20-FB255A5AC16F}.Debug|Any CPU.Build.0 = Debug|Any CPU
		{899BC254-546A-4720-8B20-FB255A5AC16F}.Release|Any CPU.ActiveCfg = Release|Any CPU
		{899BC254-546A-4720-8B20-FB255A5AC16F}.Release|Any CPU.Build.0 = Release|Any CPU
		{5B73BF84-39AC-47A3-AFDC-2F04019E6EB7}.Debug|Any CPU.ActiveCfg = Debug|Any CPU
		{5B73BF84-39AC-47A3-AFDC-2F04019E6EB7}.Debug|Any CPU.Build.0 = Debug|Any CPU
		{5B73BF84-39AC-47A3-AFDC-2F04019E6EB7}.Release|Any CPU.ActiveCfg = Release|Any CPU
		{5B73BF84-39AC-47A3-AFDC-2F04019E6EB7}.Release|Any CPU.Build.0 = Release|Any CPU
		{714D2B1E-2E68-4FC3-989F-194B2F21B15F}.Debug|Any CPU.ActiveCfg = Debug|Any CPU
		{714D2B1E-2E68-4FC3-989F-194B2F21B15F}.Debug|Any CPU.Build.0 = Debug|Any CPU
		{714D2B1E-2E68-4FC3-989F-194B2F21B15F}.Release|Any CPU.ActiveCfg = Release|Any CPU
		{714D2B1E-2E68-4FC3-989F-194B2F21B15F}.Release|Any CPU.Build.0 = Release|Any CPU
		{ED193F83-C926-427B-A395-45BA7483CB5D}.Debug|Any CPU.ActiveCfg = Debug|Any CPU
		{ED193F83-C926-427B-A395-45BA7483CB5D}.Debug|Any CPU.Build.0 = Debug|Any CPU
		{ED193F83-C926-427B-A395-45BA7483CB5D}.Release|Any CPU.ActiveCfg = Release|Any CPU
		{ED193F83-C926-427B-A395-45BA7483CB5D}.Release|Any CPU.Build.0 = Release|Any CPU
	EndGlobalSection
	GlobalSection(SolutionProperties) = preSolution
		HideSolutionNode = FALSE
	EndGlobalSection
	GlobalSection(ExtensibilityGlobals) = postSolution
		SolutionGuid = {42A4CEFB-620D-4C73-8B65-4370E97614F2}
	EndGlobalSection
EndGlobal
